// !$*UTF8*$!
{
	archiveVersion = 1;
	classes = {
	};
	objectVersion = 56;
	objects = {

/* Begin PBXBuildFile section */
		8F3769E62934554700EAE0A3 /* StoreKit.framework in Frameworks */ = {isa = PBXBuildFile; fileRef = 8F3769E52934554700EAE0A3 /* StoreKit.framework */; };
		8F38301F28E1344500282307 /* AppDelegate.swift in Sources */ = {isa = PBXBuildFile; fileRef = 8F38301E28E1344500282307 /* AppDelegate.swift */; };
		8F38302128E1344500282307 /* SceneDelegate.swift in Sources */ = {isa = PBXBuildFile; fileRef = 8F38302028E1344500282307 /* SceneDelegate.swift */; };
		8F38302328E1344500282307 /* ViewController.swift in Sources */ = {isa = PBXBuildFile; fileRef = 8F38302228E1344500282307 /* ViewController.swift */; };
		8F38302628E1344500282307 /* Main.storyboard in Resources */ = {isa = PBXBuildFile; fileRef = 8F38302428E1344500282307 /* Main.storyboard */; };
		8F38302828E1344600282307 /* Assets.xcassets in Resources */ = {isa = PBXBuildFile; fileRef = 8F38302728E1344600282307 /* Assets.xcassets */; };
		8F38302B28E1344600282307 /* LaunchScreen.storyboard in Resources */ = {isa = PBXBuildFile; fileRef = 8F38302928E1344600282307 /* LaunchScreen.storyboard */; };
		8F41C80A29359EF800A47B0C /* SeSAC2Step3UITests.swift in Sources */ = {isa = PBXBuildFile; fileRef = 8F41C80929359EF800A47B0C /* SeSAC2Step3UITests.swift */; };
		8F41C80C29359EF800A47B0C /* SeSAC2Step3UITestsLaunchTests.swift in Sources */ = {isa = PBXBuildFile; fileRef = 8F41C80B29359EF800A47B0C /* SeSAC2Step3UITestsLaunchTests.swift */; };
		8F41C81329359F1100A47B0C /* LoginUITest.swift in Sources */ = {isa = PBXBuildFile; fileRef = 8F41C81229359F1100A47B0C /* LoginUITest.swift */; };
		8F41C81B29359F3000A47B0C /* SeSAC2Step3Tests.swift in Sources */ = {isa = PBXBuildFile; fileRef = 8F41C81A29359F3000A47B0C /* SeSAC2Step3Tests.swift */; };
		8F41C8222935AB6300A47B0C /* LoginViewController.swift in Sources */ = {isa = PBXBuildFile; fileRef = 8F41C8212935AB6300A47B0C /* LoginViewController.swift */; };
		8F4DF5242936FB1D00993B38 /* ValidationTest.swift in Sources */ = {isa = PBXBuildFile; fileRef = 8F4DF5232936FB1D00993B38 /* ValidationTest.swift */; };
		8F69E2B32938396400E9B52D /* APIService.swift in Sources */ = {isa = PBXBuildFile; fileRef = 8F69E2B22938396400E9B52D /* APIService.swift */; };
		8F69E2B529383BD800E9B52D /* APIServiceTests.swift in Sources */ = {isa = PBXBuildFile; fileRef = 8F69E2B429383BD800E9B52D /* APIServiceTests.swift */; };
		8F69E2B72938502800E9B52D /* README.md in Resources */ = {isa = PBXBuildFile; fileRef = 8F69E2B62938502800E9B52D /* README.md */; };
/* End PBXBuildFile section */

/* Begin PBXContainerItemProxy section */
		8F41C80D29359EF800A47B0C /* PBXContainerItemProxy */ = {
			isa = PBXContainerItemProxy;
			containerPortal = 8F38301328E1344500282307 /* Project object */;
			proxyType = 1;
			remoteGlobalIDString = 8F38301A28E1344500282307;
			remoteInfo = SeSAC2Step3;
		};
		8F41C81C29359F3000A47B0C /* PBXContainerItemProxy */ = {
			isa = PBXContainerItemProxy;
			containerPortal = 8F38301328E1344500282307 /* Project object */;
			proxyType = 1;
			remoteGlobalIDString = 8F38301A28E1344500282307;
			remoteInfo = SeSAC2Step3;
		};
/* End PBXContainerItemProxy section */

/* Begin PBXFileReference section */
		8F3769E52934554700EAE0A3 /* StoreKit.framework */ = {isa = PBXFileReference; lastKnownFileType = wrapper.framework; name = StoreKit.framework; path = System/Library/Frameworks/StoreKit.framework; sourceTree = SDKROOT; };
		8F38301B28E1344500282307 /* SeSAC2Step3.app */ = {isa = PBXFileReference; explicitFileType = wrapper.application; includeInIndex = 0; path = SeSAC2Step3.app; sourceTree = BUILT_PRODUCTS_DIR; };
		8F38301E28E1344500282307 /* AppDelegate.swift */ = {isa = PBXFileReference; lastKnownFileType = sourcecode.swift; path = AppDelegate.swift; sourceTree = "<group>"; };
		8F38302028E1344500282307 /* SceneDelegate.swift */ = {isa = PBXFileReference; lastKnownFileType = sourcecode.swift; path = SceneDelegate.swift; sourceTree = "<group>"; };
		8F38302228E1344500282307 /* ViewController.swift */ = {isa = PBXFileReference; lastKnownFileType = sourcecode.swift; path = ViewController.swift; sourceTree = "<group>"; };
		8F38302528E1344500282307 /* Base */ = {isa = PBXFileReference; lastKnownFileType = file.storyboard; name = Base; path = Base.lproj/Main.storyboard; sourceTree = "<group>"; };
		8F38302728E1344600282307 /* Assets.xcassets */ = {isa = PBXFileReference; lastKnownFileType = folder.assetcatalog; path = Assets.xcassets; sourceTree = "<group>"; };
		8F38302A28E1344600282307 /* Base */ = {isa = PBXFileReference; lastKnownFileType = file.storyboard; name = Base; path = Base.lproj/LaunchScreen.storyboard; sourceTree = "<group>"; };
		8F38302C28E1344600282307 /* Info.plist */ = {isa = PBXFileReference; lastKnownFileType = text.plist.xml; path = Info.plist; sourceTree = "<group>"; };
		8F41C80729359EF800A47B0C /* SeSAC2Step3UITests.xctest */ = {isa = PBXFileReference; explicitFileType = wrapper.cfbundle; includeInIndex = 0; path = SeSAC2Step3UITests.xctest; sourceTree = BUILT_PRODUCTS_DIR; };
		8F41C80929359EF800A47B0C /* SeSAC2Step3UITests.swift */ = {isa = PBXFileReference; lastKnownFileType = sourcecode.swift; path = SeSAC2Step3UITests.swift; sourceTree = "<group>"; };
		8F41C80B29359EF800A47B0C /* SeSAC2Step3UITestsLaunchTests.swift */ = {isa = PBXFileReference; lastKnownFileType = sourcecode.swift; path = SeSAC2Step3UITestsLaunchTests.swift; sourceTree = "<group>"; };
		8F41C81229359F1100A47B0C /* LoginUITest.swift */ = {isa = PBXFileReference; lastKnownFileType = sourcecode.swift; path = LoginUITest.swift; sourceTree = "<group>"; };
		8F41C81829359F3000A47B0C /* SeSAC2Step3Tests.xctest */ = {isa = PBXFileReference; explicitFileType = wrapper.cfbundle; includeInIndex = 0; path = SeSAC2Step3Tests.xctest; sourceTree = BUILT_PRODUCTS_DIR; };
		8F41C81A29359F3000A47B0C /* SeSAC2Step3Tests.swift */ = {isa = PBXFileReference; lastKnownFileType = sourcecode.swift; path = SeSAC2Step3Tests.swift; sourceTree = "<group>"; };
		8F41C8212935AB6300A47B0C /* LoginViewController.swift */ = {isa = PBXFileReference; lastKnownFileType = sourcecode.swift; path = LoginViewController.swift; sourceTree = "<group>"; };
		8F4DF5232936FB1D00993B38 /* ValidationTest.swift */ = {isa = PBXFileReference; lastKnownFileType = sourcecode.swift; path = ValidationTest.swift; sourceTree = "<group>"; };
		8F69E2B22938396400E9B52D /* APIService.swift */ = {isa = PBXFileReference; lastKnownFileType = sourcecode.swift; path = APIService.swift; sourceTree = "<group>"; };
		8F69E2B429383BD800E9B52D /* APIServiceTests.swift */ = {isa = PBXFileReference; lastKnownFileType = sourcecode.swift; path = APIServiceTests.swift; sourceTree = "<group>"; };
		8F69E2B62938502800E9B52D /* README.md */ = {isa = PBXFileReference; lastKnownFileType = net.daringfireball.markdown; path = README.md; sourceTree = "<group>"; };
/* End PBXFileReference section */

/* Begin PBXFrameworksBuildPhase section */
		8F38301828E1344500282307 /* Frameworks */ = {
			isa = PBXFrameworksBuildPhase;
			buildActionMask = 2147483647;
			files = (
				8F3769E62934554700EAE0A3 /* StoreKit.framework in Frameworks */,
			);
			runOnlyForDeploymentPostprocessing = 0;
		};
		8F41C80429359EF800A47B0C /* Frameworks */ = {
			isa = PBXFrameworksBuildPhase;
			buildActionMask = 2147483647;
			files = (
			);
			runOnlyForDeploymentPostprocessing = 0;
		};
		8F41C81529359F3000A47B0C /* Frameworks */ = {
			isa = PBXFrameworksBuildPhase;
			buildActionMask = 2147483647;
			files = (
			);
			runOnlyForDeploymentPostprocessing = 0;
		};
/* End PBXFrameworksBuildPhase section */

/* Begin PBXGroup section */
		8F3769E42934554700EAE0A3 /* Frameworks */ = {
			isa = PBXGroup;
			children = (
				8F3769E52934554700EAE0A3 /* StoreKit.framework */,
			);
			name = Frameworks;
			sourceTree = "<group>";
		};
		8F38301228E1344500282307 = {
			isa = PBXGroup;
			children = (
				8F69E2B62938502800E9B52D /* README.md */,
				8F38301D28E1344500282307 /* SeSAC2Step3 */,
				8F41C80829359EF800A47B0C /* SeSAC2Step3UITests */,
				8F41C81929359F3000A47B0C /* SeSAC2Step3Tests */,
				8F38301C28E1344500282307 /* Products */,
				8F3769E42934554700EAE0A3 /* Frameworks */,
			);
			sourceTree = "<group>";
		};
		8F38301C28E1344500282307 /* Products */ = {
			isa = PBXGroup;
			children = (
				8F38301B28E1344500282307 /* SeSAC2Step3.app */,
				8F41C80729359EF800A47B0C /* SeSAC2Step3UITests.xctest */,
				8F41C81829359F3000A47B0C /* SeSAC2Step3Tests.xctest */,
			);
			name = Products;
			sourceTree = "<group>";
		};
		8F38301D28E1344500282307 /* SeSAC2Step3 */ = {
			isa = PBXGroup;
			children = (
				8F38301E28E1344500282307 /* AppDelegate.swift */,
				8F38302028E1344500282307 /* SceneDelegate.swift */,
				8F38302228E1344500282307 /* ViewController.swift */,
				8F41C8212935AB6300A47B0C /* LoginViewController.swift */,
				8F38302428E1344500282307 /* Main.storyboard */,
				8F38302728E1344600282307 /* Assets.xcassets */,
				8F38302928E1344600282307 /* LaunchScreen.storyboard */,
				8F38302C28E1344600282307 /* Info.plist */,
				8F69E2B22938396400E9B52D /* APIService.swift */,
			);
			path = SeSAC2Step3;
			sourceTree = "<group>";
		};
		8F41C80829359EF800A47B0C /* SeSAC2Step3UITests */ = {
			isa = PBXGroup;
			children = (
				8F41C80929359EF800A47B0C /* SeSAC2Step3UITests.swift */,
				8F41C80B29359EF800A47B0C /* SeSAC2Step3UITestsLaunchTests.swift */,
				8F41C81229359F1100A47B0C /* LoginUITest.swift */,
			);
			path = SeSAC2Step3UITests;
			sourceTree = "<group>";
		};
		8F41C81929359F3000A47B0C /* SeSAC2Step3Tests */ = {
			isa = PBXGroup;
			children = (
				8F41C81A29359F3000A47B0C /* SeSAC2Step3Tests.swift */,
				8F69E2B429383BD800E9B52D /* APIServiceTests.swift */,
				8F4DF5232936FB1D00993B38 /* ValidationTest.swift */,
			);
			path = SeSAC2Step3Tests;
			sourceTree = "<group>";
		};
/* End PBXGroup section */

/* Begin PBXNativeTarget section */
		8F38301A28E1344500282307 /* SeSAC2Step3 */ = {
			isa = PBXNativeTarget;
			buildConfigurationList = 8F38302F28E1344600282307 /* Build configuration list for PBXNativeTarget "SeSAC2Step3" */;
			buildPhases = (
				8F38301728E1344500282307 /* Sources */,
				8F38301828E1344500282307 /* Frameworks */,
				8F38301928E1344500282307 /* Resources */,
			);
			buildRules = (
			);
			dependencies = (
			);
			name = SeSAC2Step3;
			productName = SeSAC2Step3;
			productReference = 8F38301B28E1344500282307 /* SeSAC2Step3.app */;
			productType = "com.apple.product-type.application";
		};
		8F41C80629359EF800A47B0C /* SeSAC2Step3UITests */ = {
			isa = PBXNativeTarget;
			buildConfigurationList = 8F41C81129359EF800A47B0C /* Build configuration list for PBXNativeTarget "SeSAC2Step3UITests" */;
			buildPhases = (
				8F41C80329359EF800A47B0C /* Sources */,
				8F41C80429359EF800A47B0C /* Frameworks */,
				8F41C80529359EF800A47B0C /* Resources */,
			);
			buildRules = (
			);
			dependencies = (
				8F41C80E29359EF800A47B0C /* PBXTargetDependency */,
			);
			name = SeSAC2Step3UITests;
			productName = SeSAC2Step3UITests;
			productReference = 8F41C80729359EF800A47B0C /* SeSAC2Step3UITests.xctest */;
			productType = "com.apple.product-type.bundle.ui-testing";
		};
		8F41C81729359F3000A47B0C /* SeSAC2Step3Tests */ = {
			isa = PBXNativeTarget;
			buildConfigurationList = 8F41C81E29359F3000A47B0C /* Build configuration list for PBXNativeTarget "SeSAC2Step3Tests" */;
			buildPhases = (
				8F41C81429359F3000A47B0C /* Sources */,
				8F41C81529359F3000A47B0C /* Frameworks */,
				8F41C81629359F3000A47B0C /* Resources */,
			);
			buildRules = (
			);
			dependencies = (
				8F41C81D29359F3000A47B0C /* PBXTargetDependency */,
			);
			name = SeSAC2Step3Tests;
			productName = SeSAC2Step3Tests;
			productReference = 8F41C81829359F3000A47B0C /* SeSAC2Step3Tests.xctest */;
			productType = "com.apple.product-type.bundle.unit-test";
		};
/* End PBXNativeTarget section */

/* Begin PBXProject section */
		8F38301328E1344500282307 /* Project object */ = {
			isa = PBXProject;
			attributes = {
				BuildIndependentTargetsInParallel = 1;
				LastSwiftUpdateCheck = 1410;
				LastUpgradeCheck = 1400;
				TargetAttributes = {
					8F38301A28E1344500282307 = {
						CreatedOnToolsVersion = 14.0;
					};
					8F41C80629359EF800A47B0C = {
						CreatedOnToolsVersion = 14.1;
						TestTargetID = 8F38301A28E1344500282307;
					};
					8F41C81729359F3000A47B0C = {
						CreatedOnToolsVersion = 14.1;
						TestTargetID = 8F38301A28E1344500282307;
					};
				};
			};
			buildConfigurationList = 8F38301628E1344500282307 /* Build configuration list for PBXProject "SeSAC2Step3" */;
			compatibilityVersion = "Xcode 14.0";
			developmentRegion = en;
			hasScannedForEncodings = 0;
			knownRegions = (
				en,
				Base,
			);
			mainGroup = 8F38301228E1344500282307;
			productRefGroup = 8F38301C28E1344500282307 /* Products */;
			projectDirPath = "";
			projectRoot = "";
			targets = (
				8F38301A28E1344500282307 /* SeSAC2Step3 */,
				8F41C80629359EF800A47B0C /* SeSAC2Step3UITests */,
				8F41C81729359F3000A47B0C /* SeSAC2Step3Tests */,
			);
		};
/* End PBXProject section */

/* Begin PBXResourcesBuildPhase section */
		8F38301928E1344500282307 /* Resources */ = {
			isa = PBXResourcesBuildPhase;
			buildActionMask = 2147483647;
			files = (
				8F38302B28E1344600282307 /* LaunchScreen.storyboard in Resources */,
				8F38302828E1344600282307 /* Assets.xcassets in Resources */,
				8F69E2B72938502800E9B52D /* README.md in Resources */,
				8F38302628E1344500282307 /* Main.storyboard in Resources */,
			);
			runOnlyForDeploymentPostprocessing = 0;
		};
		8F41C80529359EF800A47B0C /* Resources */ = {
			isa = PBXResourcesBuildPhase;
			buildActionMask = 2147483647;
			files = (
			);
			runOnlyForDeploymentPostprocessing = 0;
		};
		8F41C81629359F3000A47B0C /* Resources */ = {
			isa = PBXResourcesBuildPhase;
			buildActionMask = 2147483647;
			files = (
			);
			runOnlyForDeploymentPostprocessing = 0;
		};
/* End PBXResourcesBuildPhase section */

/* Begin PBXSourcesBuildPhase section */
		8F38301728E1344500282307 /* Sources */ = {
			isa = PBXSourcesBuildPhase;
			buildActionMask = 2147483647;
			files = (
				8F41C8222935AB6300A47B0C /* LoginViewController.swift in Sources */,
				8F69E2B32938396400E9B52D /* APIService.swift in Sources */,
				8F38302328E1344500282307 /* ViewController.swift in Sources */,
				8F38301F28E1344500282307 /* AppDelegate.swift in Sources */,
				8F38302128E1344500282307 /* SceneDelegate.swift in Sources */,
			);
			runOnlyForDeploymentPostprocessing = 0;
		};
		8F41C80329359EF800A47B0C /* Sources */ = {
			isa = PBXSourcesBuildPhase;
			buildActionMask = 2147483647;
			files = (
				8F41C80A29359EF800A47B0C /* SeSAC2Step3UITests.swift in Sources */,
				8F41C81329359F1100A47B0C /* LoginUITest.swift in Sources */,
				8F41C80C29359EF800A47B0C /* SeSAC2Step3UITestsLaunchTests.swift in Sources */,
			);
			runOnlyForDeploymentPostprocessing = 0;
		};
		8F41C81429359F3000A47B0C /* Sources */ = {
			isa = PBXSourcesBuildPhase;
			buildActionMask = 2147483647;
			files = (
				8F69E2B529383BD800E9B52D /* APIServiceTests.swift in Sources */,
				8F4DF5242936FB1D00993B38 /* ValidationTest.swift in Sources */,
				8F41C81B29359F3000A47B0C /* SeSAC2Step3Tests.swift in Sources */,
			);
			runOnlyForDeploymentPostprocessing = 0;
		};
/* End PBXSourcesBuildPhase section */

/* Begin PBXTargetDependency section */
		8F41C80E29359EF800A47B0C /* PBXTargetDependency */ = {
			isa = PBXTargetDependency;
			target = 8F38301A28E1344500282307 /* SeSAC2Step3 */;
			targetProxy = 8F41C80D29359EF800A47B0C /* PBXContainerItemProxy */;
		};
		8F41C81D29359F3000A47B0C /* PBXTargetDependency */ = {
			isa = PBXTargetDependency;
			target = 8F38301A28E1344500282307 /* SeSAC2Step3 */;
			targetProxy = 8F41C81C29359F3000A47B0C /* PBXContainerItemProxy */;
		};
/* End PBXTargetDependency section */

/* Begin PBXVariantGroup section */
		8F38302428E1344500282307 /* Main.storyboard */ = {
			isa = PBXVariantGroup;
			children = (
				8F38302528E1344500282307 /* Base */,
			);
			name = Main.storyboard;
			sourceTree = "<group>";
		};
		8F38302928E1344600282307 /* LaunchScreen.storyboard */ = {
			isa = PBXVariantGroup;
			children = (
				8F38302A28E1344600282307 /* Base */,
			);
			name = LaunchScreen.storyboard;
			sourceTree = "<group>";
		};
/* End PBXVariantGroup section */

/* Begin XCBuildConfiguration section */
		8F38302D28E1344600282307 /* Debug */ = {
			isa = XCBuildConfiguration;
			buildSettings = {
				ALWAYS_SEARCH_USER_PATHS = NO;
				CLANG_ANALYZER_NONNULL = YES;
				CLANG_ANALYZER_NUMBER_OBJECT_CONVERSION = YES_AGGRESSIVE;
				CLANG_CXX_LANGUAGE_STANDARD = "gnu++20";
				CLANG_ENABLE_MODULES = YES;
				CLANG_ENABLE_OBJC_ARC = YES;
				CLANG_ENABLE_OBJC_WEAK = YES;
				CLANG_WARN_BLOCK_CAPTURE_AUTORELEASING = YES;
				CLANG_WARN_BOOL_CONVERSION = YES;
				CLANG_WARN_COMMA = YES;
				CLANG_WARN_CONSTANT_CONVERSION = YES;
				CLANG_WARN_DEPRECATED_OBJC_IMPLEMENTATIONS = YES;
				CLANG_WARN_DIRECT_OBJC_ISA_USAGE = YES_ERROR;
				CLANG_WARN_DOCUMENTATION_COMMENTS = YES;
				CLANG_WARN_EMPTY_BODY = YES;
				CLANG_WARN_ENUM_CONVERSION = YES;
				CLANG_WARN_INFINITE_RECURSION = YES;
				CLANG_WARN_INT_CONVERSION = YES;
				CLANG_WARN_NON_LITERAL_NULL_CONVERSION = YES;
				CLANG_WARN_OBJC_IMPLICIT_RETAIN_SELF = YES;
				CLANG_WARN_OBJC_LITERAL_CONVERSION = YES;
				CLANG_WARN_OBJC_ROOT_CLASS = YES_ERROR;
				CLANG_WARN_QUOTED_INCLUDE_IN_FRAMEWORK_HEADER = YES;
				CLANG_WARN_RANGE_LOOP_ANALYSIS = YES;
				CLANG_WARN_STRICT_PROTOTYPES = YES;
				CLANG_WARN_SUSPICIOUS_MOVE = YES;
				CLANG_WARN_UNGUARDED_AVAILABILITY = YES_AGGRESSIVE;
				CLANG_WARN_UNREACHABLE_CODE = YES;
				CLANG_WARN__DUPLICATE_METHOD_MATCH = YES;
				COPY_PHASE_STRIP = NO;
				DEBUG_INFORMATION_FORMAT = dwarf;
				ENABLE_STRICT_OBJC_MSGSEND = YES;
				ENABLE_TESTABILITY = YES;
				GCC_C_LANGUAGE_STANDARD = gnu11;
				GCC_DYNAMIC_NO_PIC = NO;
				GCC_NO_COMMON_BLOCKS = YES;
				GCC_OPTIMIZATION_LEVEL = 0;
				GCC_PREPROCESSOR_DEFINITIONS = (
					"DEBUG=1",
					"$(inherited)",
				);
				GCC_WARN_64_TO_32_BIT_CONVERSION = YES;
				GCC_WARN_ABOUT_RETURN_TYPE = YES_ERROR;
				GCC_WARN_UNDECLARED_SELECTOR = YES;
				GCC_WARN_UNINITIALIZED_AUTOS = YES_AGGRESSIVE;
				GCC_WARN_UNUSED_FUNCTION = YES;
				GCC_WARN_UNUSED_VARIABLE = YES;
				IPHONEOS_DEPLOYMENT_TARGET = 16.0;
				MTL_ENABLE_DEBUG_INFO = INCLUDE_SOURCE;
				MTL_FAST_MATH = YES;
				ONLY_ACTIVE_ARCH = YES;
				SDKROOT = iphoneos;
				SWIFT_ACTIVE_COMPILATION_CONDITIONS = DEBUG;
				SWIFT_OPTIMIZATION_LEVEL = "-Onone";
			};
			name = Debug;
		};
		8F38302E28E1344600282307 /* Release */ = {
			isa = XCBuildConfiguration;
			buildSettings = {
				ALWAYS_SEARCH_USER_PATHS = NO;
				CLANG_ANALYZER_NONNULL = YES;
				CLANG_ANALYZER_NUMBER_OBJECT_CONVERSION = YES_AGGRESSIVE;
				CLANG_CXX_LANGUAGE_STANDARD = "gnu++20";
				CLANG_ENABLE_MODULES = YES;
				CLANG_ENABLE_OBJC_ARC = YES;
				CLANG_ENABLE_OBJC_WEAK = YES;
				CLANG_WARN_BLOCK_CAPTURE_AUTORELEASING = YES;
				CLANG_WARN_BOOL_CONVERSION = YES;
				CLANG_WARN_COMMA = YES;
				CLANG_WARN_CONSTANT_CONVERSION = YES;
				CLANG_WARN_DEPRECATED_OBJC_IMPLEMENTATIONS = YES;
				CLANG_WARN_DIRECT_OBJC_ISA_USAGE = YES_ERROR;
				CLANG_WARN_DOCUMENTATION_COMMENTS = YES;
				CLANG_WARN_EMPTY_BODY = YES;
				CLANG_WARN_ENUM_CONVERSION = YES;
				CLANG_WARN_INFINITE_RECURSION = YES;
				CLANG_WARN_INT_CONVERSION = YES;
				CLANG_WARN_NON_LITERAL_NULL_CONVERSION = YES;
				CLANG_WARN_OBJC_IMPLICIT_RETAIN_SELF = YES;
				CLANG_WARN_OBJC_LITERAL_CONVERSION = YES;
				CLANG_WARN_OBJC_ROOT_CLASS = YES_ERROR;
				CLANG_WARN_QUOTED_INCLUDE_IN_FRAMEWORK_HEADER = YES;
				CLANG_WARN_RANGE_LOOP_ANALYSIS = YES;
				CLANG_WARN_STRICT_PROTOTYPES = YES;
				CLANG_WARN_SUSPICIOUS_MOVE = YES;
				CLANG_WARN_UNGUARDED_AVAILABILITY = YES_AGGRESSIVE;
				CLANG_WARN_UNREACHABLE_CODE = YES;
				CLANG_WARN__DUPLICATE_METHOD_MATCH = YES;
				COPY_PHASE_STRIP = NO;
				DEBUG_INFORMATION_FORMAT = "dwarf-with-dsym";
				ENABLE_NS_ASSERTIONS = NO;
				ENABLE_STRICT_OBJC_MSGSEND = YES;
				GCC_C_LANGUAGE_STANDARD = gnu11;
				GCC_NO_COMMON_BLOCKS = YES;
				GCC_WARN_64_TO_32_BIT_CONVERSION = YES;
				GCC_WARN_ABOUT_RETURN_TYPE = YES_ERROR;
				GCC_WARN_UNDECLARED_SELECTOR = YES;
				GCC_WARN_UNINITIALIZED_AUTOS = YES_AGGRESSIVE;
				GCC_WARN_UNUSED_FUNCTION = YES;
				GCC_WARN_UNUSED_VARIABLE = YES;
				IPHONEOS_DEPLOYMENT_TARGET = 16.0;
				MTL_ENABLE_DEBUG_INFO = NO;
				MTL_FAST_MATH = YES;
				SDKROOT = iphoneos;
				SWIFT_COMPILATION_MODE = wholemodule;
				SWIFT_OPTIMIZATION_LEVEL = "-O";
				VALIDATE_PRODUCT = YES;
			};
			name = Release;
		};
		8F38303028E1344600282307 /* Debug */ = {
			isa = XCBuildConfiguration;
			buildSettings = {
				ASSETCATALOG_COMPILER_APPICON_NAME = AppIcon;
				ASSETCATALOG_COMPILER_GLOBAL_ACCENT_COLOR_NAME = AccentColor;
				CODE_SIGN_STYLE = Automatic;
				CURRENT_PROJECT_VERSION = 1;
				DEVELOPMENT_TEAM = Z56UT2Z9KH;
				GENERATE_INFOPLIST_FILE = YES;
				INFOPLIST_FILE = SeSAC2Step3/Info.plist;
				INFOPLIST_KEY_CFBundleDisplayName = "앱 이름";
				INFOPLIST_KEY_LSApplicationCategoryType = "public.app-category.lifestyle";
				INFOPLIST_KEY_UIApplicationSupportsIndirectInputEvents = YES;
				INFOPLIST_KEY_UILaunchStoryboardName = LaunchScreen;
				INFOPLIST_KEY_UIMainStoryboardFile = Main;
				INFOPLIST_KEY_UISupportedInterfaceOrientations = UIInterfaceOrientationPortrait;
				INFOPLIST_KEY_UISupportedInterfaceOrientations_iPad = UIInterfaceOrientationPortrait;
				IPHONEOS_DEPLOYMENT_TARGET = 15.0;
				LD_RUNPATH_SEARCH_PATHS = (
					"$(inherited)",
					"@executable_path/Frameworks",
				);
				MARKETING_VERSION = 1.0;
				PRODUCT_BUNDLE_IDENTIFIER = com.ohlee.SeSAC2Step3;
				PRODUCT_NAME = "$(TARGET_NAME)";
				SUPPORTED_PLATFORMS = "iphoneos iphonesimulator";
				SUPPORTS_MACCATALYST = NO;
				SUPPORTS_MAC_DESIGNED_FOR_IPHONE_IPAD = NO;
				SWIFT_EMIT_LOC_STRINGS = YES;
				SWIFT_VERSION = 5.0;
				TARGETED_DEVICE_FAMILY = 1;
			};
			name = Debug;
		};
		8F38303128E1344600282307 /* Release */ = {
			isa = XCBuildConfiguration;
			buildSettings = {
				ASSETCATALOG_COMPILER_APPICON_NAME = AppIcon;
				ASSETCATALOG_COMPILER_GLOBAL_ACCENT_COLOR_NAME = AccentColor;
				CODE_SIGN_STYLE = Automatic;
				CURRENT_PROJECT_VERSION = 1;
				DEVELOPMENT_TEAM = Z56UT2Z9KH;
				GENERATE_INFOPLIST_FILE = YES;
				INFOPLIST_FILE = SeSAC2Step3/Info.plist;
				INFOPLIST_KEY_CFBundleDisplayName = "앱 이름";
				INFOPLIST_KEY_LSApplicationCategoryType = "public.app-category.lifestyle";
				INFOPLIST_KEY_UIApplicationSupportsIndirectInputEvents = YES;
				INFOPLIST_KEY_UILaunchStoryboardName = LaunchScreen;
				INFOPLIST_KEY_UIMainStoryboardFile = Main;
				INFOPLIST_KEY_UISupportedInterfaceOrientations = UIInterfaceOrientationPortrait;
				INFOPLIST_KEY_UISupportedInterfaceOrientations_iPad = UIInterfaceOrientationPortrait;
				IPHONEOS_DEPLOYMENT_TARGET = 15.0;
				LD_RUNPATH_SEARCH_PATHS = (
					"$(inherited)",
					"@executable_path/Frameworks",
				);
				MARKETING_VERSION = 1.0;
				PRODUCT_BUNDLE_IDENTIFIER = com.ohlee.SeSAC2Step3;
				PRODUCT_NAME = "$(TARGET_NAME)";
				SUPPORTED_PLATFORMS = "iphoneos iphonesimulator";
				SUPPORTS_MACCATALYST = NO;
				SUPPORTS_MAC_DESIGNED_FOR_IPHONE_IPAD = NO;
				SWIFT_EMIT_LOC_STRINGS = YES;
				SWIFT_VERSION = 5.0;
				TARGETED_DEVICE_FAMILY = 1;
			};
			name = Release;
		};
		8F41C80F29359EF800A47B0C /* Debug */ = {
			isa = XCBuildConfiguration;
			buildSettings = {
				CODE_SIGN_STYLE = Automatic;
				CURRENT_PROJECT_VERSION = 1;
				DEVELOPMENT_TEAM = Z56UT2Z9KH;
				GENERATE_INFOPLIST_FILE = YES;
				IPHONEOS_DEPLOYMENT_TARGET = 16.1;
				MARKETING_VERSION = 1.0;
				PRODUCT_BUNDLE_IDENTIFIER = com.ohlee.SeSAC2Step3UITests;
				PRODUCT_NAME = "$(TARGET_NAME)";
				SWIFT_EMIT_LOC_STRINGS = NO;
				SWIFT_VERSION = 5.0;
				TARGETED_DEVICE_FAMILY = "1,2";
				TEST_TARGET_NAME = SeSAC2Step3;
			};
			name = Debug;
		};
		8F41C81029359EF800A47B0C /* Release */ = {
			isa = XCBuildConfiguration;
			buildSettings = {
				CODE_SIGN_STYLE = Automatic;
				CURRENT_PROJECT_VERSION = 1;
				DEVELOPMENT_TEAM = Z56UT2Z9KH;
				GENERATE_INFOPLIST_FILE = YES;
				IPHONEOS_DEPLOYMENT_TARGET = 16.1;
				MARKETING_VERSION = 1.0;
				PRODUCT_BUNDLE_IDENTIFIER = com.ohlee.SeSAC2Step3UITests;
				PRODUCT_NAME = "$(TARGET_NAME)";
				SWIFT_EMIT_LOC_STRINGS = NO;
				SWIFT_VERSION = 5.0;
				TARGETED_DEVICE_FAMILY = "1,2";
				TEST_TARGET_NAME = SeSAC2Step3;
			};
			name = Release;
		};
		8F41C81F29359F3000A47B0C /* Debug */ = {
			isa = XCBuildConfiguration;
			buildSettings = {
				BUNDLE_LOADER = "$(TEST_HOST)";
				CODE_SIGN_STYLE = Automatic;
				CURRENT_PROJECT_VERSION = 1;
				DEVELOPMENT_TEAM = Z56UT2Z9KH;
				GENERATE_INFOPLIST_FILE = YES;
				IPHONEOS_DEPLOYMENT_TARGET = 16.1;
				MARKETING_VERSION = 1.0;
				PRODUCT_BUNDLE_IDENTIFIER = com.ohlee.SeSAC2Step3Tests;
				PRODUCT_NAME = "$(TARGET_NAME)";
				SWIFT_EMIT_LOC_STRINGS = NO;
				SWIFT_VERSION = 5.0;
				TARGETED_DEVICE_FAMILY = "1,2";
				TEST_HOST = "$(BUILT_PRODUCTS_DIR)/SeSAC2Step3.app/$(BUNDLE_EXECUTABLE_FOLDER_PATH)/SeSAC2Step3";
			};
			name = Debug;
		};
		8F41C82029359F3000A47B0C /* Release */ = {
			isa = XCBuildConfiguration;
			buildSettings = {
				BUNDLE_LOADER = "$(TEST_HOST)";
				CODE_SIGN_STYLE = Automatic;
				CURRENT_PROJECT_VERSION = 1;
				DEVELOPMENT_TEAM = Z56UT2Z9KH;
				GENERATE_INFOPLIST_FILE = YES;
				IPHONEOS_DEPLOYMENT_TARGET = 16.1;
				MARKETING_VERSION = 1.0;
				PRODUCT_BUNDLE_IDENTIFIER = com.ohlee.SeSAC2Step3Tests;
				PRODUCT_NAME = "$(TARGET_NAME)";
				SWIFT_EMIT_LOC_STRINGS = NO;
				SWIFT_VERSION = 5.0;
				TARGETED_DEVICE_FAMILY = "1,2";
				TEST_HOST = "$(BUILT_PRODUCTS_DIR)/SeSAC2Step3.app/$(BUNDLE_EXECUTABLE_FOLDER_PATH)/SeSAC2Step3";
			};
			name = Release;
		};
/* End XCBuildConfiguration section */

/* Begin XCConfigurationList section */
		8F38301628E1344500282307 /* Build configuration list for PBXProject "SeSAC2Step3" */ = {
			isa = XCConfigurationList;
			buildConfigurations = (
				8F38302D28E1344600282307 /* Debug */,
				8F38302E28E1344600282307 /* Release */,
			);
			defaultConfigurationIsVisible = 0;
			defaultConfigurationName = Release;
		};
		8F38302F28E1344600282307 /* Build configuration list for PBXNativeTarget "SeSAC2Step3" */ = {
			isa = XCConfigurationList;
			buildConfigurations = (
				8F38303028E1344600282307 /* Debug */,
				8F38303128E1344600282307 /* Release */,
			);
			defaultConfigurationIsVisible = 0;
			defaultConfigurationName = Release;
		};
		8F41C81129359EF800A47B0C /* Build configuration list for PBXNativeTarget "SeSAC2Step3UITests" */ = {
			isa = XCConfigurationList;
			buildConfigurations = (
				8F41C80F29359EF800A47B0C /* Debug */,
				8F41C81029359EF800A47B0C /* Release */,
			);
			defaultConfigurationIsVisible = 0;
			defaultConfigurationName = Release;
		};
		8F41C81E29359F3000A47B0C /* Build configuration list for PBXNativeTarget "SeSAC2Step3Tests" */ = {
			isa = XCConfigurationList;
			buildConfigurations = (
				8F41C81F29359F3000A47B0C /* Debug */,
				8F41C82029359F3000A47B0C /* Release */,
			);
			defaultConfigurationIsVisible = 0;
			defaultConfigurationName = Release;
		};
/* End XCConfigurationList section */
	};
	rootObject = 8F38301328E1344500282307 /* Project object */;
}
